
Microsoft Visual Studio Solution File, Format Version 12.00
# Visual Studio Version 17
VisualStudioVersion = 17.1.32319.34
MinimumVisualStudioVersion = 10.0.40219.1
Project("{9A19103F-16F7-4668-BE54-9A1E7A4F7556}") = "01SampleAuth", "01SampleAuth\01SampleAuth.csproj", "{BC82A9B1-AC69-48AA-B3F5-D1C7AB2D754B}"
EndProject
Project("{9A19103F-16F7-4668-BE54-9A1E7A4F7556}") = "CommonAttacks", "CommonAttacks\CommonAttacks.csproj", "{3480359B-9D3F-49DB-96E3-12ABFAD6A80F}"
EndProject
Project("{9A19103F-16F7-4668-BE54-9A1E7A4F7556}") = "ProactiveControls", "ProactiveControls\ProactiveControls.csproj", "{1381B25C-F4DE-46BF-BF69-D8A945DD3A6E}"
EndProject
Project("{9A19103F-16F7-4668-BE54-9A1E7A4F7556}") = "CryptographyEx", "CryptographyEx\CryptographyEx.csproj", "{396606C7-C46C-48C3-8CB3-E75580CAAB25}"
EndProject
Project("{9A19103F-16F7-4668-BE54-9A1E7A4F7556}") = "AddHTTPS", "AddHTTPS\AddHTTPS.csproj", "{539E0CD8-76F3-4186-83FE-662B99DD1222}"
EndProject
Project("{FAE04EC0-301F-11D3-BF4B-00C04F79EFBC}") = "Logging", "Logging\Logging.csproj", "{985ED4BC-19FA-4C74-9EE2-746FB9B1EDD5}"
EndProject
Global
	GlobalSection(SolutionConfigurationPlatforms) = preSolution
		Debug|Any CPU = Debug|Any CPU
		Release|Any CPU = Release|Any CPU
	EndGlobalSection
	GlobalSection(ProjectConfigurationPlatforms) = postSolution
		{BC82A9B1-AC69-48AA-B3F5-D1C7AB2D754B}.Debug|Any CPU.ActiveCfg = Debug|Any CPU
		{BC82A9B1-AC69-48AA-B3F5-D1C7AB2D754B}.Debug|Any CPU.Build.0 = Debug|Any CPU
		{BC82A9B1-AC69-48AA-B3F5-D1C7AB2D754B}.Release|Any CPU.ActiveCfg = Release|Any CPU
		{BC82A9B1-AC69-48AA-B3F5-D1C7AB2D754B}.Release|Any CPU.Build.0 = Release|Any CPU
		{3480359B-9D3F-49DB-96E3-12ABFAD6A80F}.Debug|Any CPU.ActiveCfg = Debug|Any CPU
		{3480359B-9D3F-49DB-96E3-12ABFAD6A80F}.Debug|Any CPU.Build.0 = Debug|Any CPU
		{3480359B-9D3F-49DB-96E3-12ABFAD6A80F}.Release|Any CPU.ActiveCfg = Release|Any CPU
		{3480359B-9D3F-49DB-96E3-12ABFAD6A80F}.Release|Any CPU.Build.0 = Release|Any CPU
		{1381B25C-F4DE-46BF-BF69-D8A945DD3A6E}.Debug|Any CPU.ActiveCfg = Debug|Any CPU
		{1381B25C-F4DE-46BF-BF69-D8A945DD3A6E}.Debug|Any CPU.Build.0 = Debug|Any CPU
		{1381B25C-F4DE-46BF-BF69-D8A945DD3A6E}.Release|Any CPU.ActiveCfg = Release|Any CPU
		{1381B25C-F4DE-46BF-BF69-D8A945DD3A6E}.Release|Any CPU.Build.0 = Release|Any CPU
		{396606C7-C46C-48C3-8CB3-E75580CAAB25}.Debug|Any CPU.ActiveCfg = Debug|Any CPU
		{396606C7-C46C-48C3-8CB3-E75580CAAB25}.Debug|Any CPU.Build.0 = Debug|Any CPU
		{396606C7-C46C-48C3-8CB3-E75580CAAB25}.Release|Any CPU.ActiveCfg = Release|Any CPU
		{396606C7-C46C-48C3-8CB3-E75580CAAB25}.Release|Any CPU.Build.0 = Release|Any CPU
		{539E0CD8-76F3-4186-83FE-662B99DD1222}.Debug|Any CPU.ActiveCfg = Debug|Any CPU
		{539E0CD8-76F3-4186-83FE-662B99DD1222}.Debug|Any CPU.Build.0 = Debug|Any CPU
		{539E0CD8-76F3-4186-83FE-662B99DD1222}.Release|Any CPU.ActiveCfg = Release|Any CPU
		{539E0CD8-76F3-4186-83FE-662B99DD1222}.Release|Any CPU.Build.0 = Release|Any CPU
		{985ED4BC-19FA-4C74-9EE2-746FB9B1EDD5}.Debug|Any CPU.ActiveCfg = Debug|Any CPU
		{985ED4BC-19FA-4C74-9EE2-746FB9B1EDD5}.Debug|Any CPU.Build.0 = Debug|Any CPU
		{985ED4BC-19FA-4C74-9EE2-746FB9B1EDD5}.Release|Any CPU.ActiveCfg = Release|Any CPU
		{985ED4BC-19FA-4C74-9EE2-746FB9B1EDD5}.Release|Any CPU.Build.0 = Release|Any CPU
	EndGlobalSection
	GlobalSection(SolutionProperties) = preSolution
		HideSolutionNode = FALSE
	EndGlobalSection
	GlobalSection(ExtensibilityGlobals) = postSolution
		SolutionGuid = {7A698994-BFFF-4C4D-B6A6-342B5997D23C}
	EndGlobalSection
EndGlobal
